
Microsoft Visual Studio Solution File, Format Version 10.00
# Visual Studio 2008
Project("{8BC9CEB8-8B4A-11D0-8D11-00A0C91BC942}") = "iocp", "iocp\iocp.vcproj", "{B952A411-EA03-453B-BFBB-A40CA9AFF99D}"
EndProject
Project("{8BC9CEB8-8B4A-11D0-8D11-00A0C91BC942}") = "atomic", "atomic\atomic.vcproj", "{8048D4B0-2919-4590-ABB9-8486A8CC0BEE}"
EndProject
Project("{8BC9CEB8-8B4A-11D0-8D11-00A0C91BC942}") = "sockopt", "sockopt\sockopt.vcproj", "{B8F0B50D-381A-4DA3-838C-1CBE1EAB86E0}"
EndProject
Project("{8BC9CEB8-8B4A-11D0-8D11-00A0C91BC942}") = "fileinfo", "fileinfo\fileinfo.vcproj", "{798D3825-0790-4EAD-B615-8CD506B5DFF9}"
EndProject
Project("{8BC9CEB8-8B4A-11D0-8D11-00A0C91BC942}") = "rbtree", "rbtree\rbtree.vcproj", "{D3B048AE-BD1D-4D6A-B9AB-81480CCE8696}"
EndProject
Project("{8BC9CEB8-8B4A-11D0-8D11-00A0C91BC942}") = "security", "security\security.vcproj", "{AA8073FD-DB55-45A3-882C-4804ACDAED2C}"
EndProject
Project("{8BC9CEB8-8B4A-11D0-8D11-00A0C91BC942}") = "semaphore", "semaphore\semaphore.vcproj", "{7F272908-A26C-49DB-8E92-F9033E1DDFEB}"
EndProject
Project("{8BC9CEB8-8B4A-11D0-8D11-00A0C91BC942}") = "rxtree", "rxtree\rxtree.vcproj", "{E842AADA-BC79-46BC-8E55-2C279E867789}"
EndProject
Project("{8BC9CEB8-8B4A-11D0-8D11-00A0C91BC942}") = "type_check", "type_check\type_check.vcproj", "{6ED362D2-069B-4318-A5A0-90DFED263CF0}"
EndProject
Project("{8BC9CEB8-8B4A-11D0-8D11-00A0C91BC942}") = "intrin", "intrin\intrin.vcproj", "{BF41B22D-63B4-4B42-B21C-DF01EE21F54F}"
	ProjectSection(ProjectDependencies) = postProject
		{F47CFC65-8959-408F-A46D-D3E8EB7CCED6} = {F47CFC65-8959-408F-A46D-D3E8EB7CCED6}
	EndProjectSection
EndProject
Project("{8BC9CEB8-8B4A-11D0-8D11-00A0C91BC942}") = "intrin_dll", "intrin\intrin_dll.vcproj", "{F47CFC65-8959-408F-A46D-D3E8EB7CCED6}"
EndProject
Global
	GlobalSection(SolutionConfigurationPlatforms) = preSolution
		Debug|Win32 = Debug|Win32
		Release|Win32 = Release|Win32
	EndGlobalSection
	GlobalSection(ProjectConfigurationPlatforms) = postSolution
		{B952A411-EA03-453B-BFBB-A40CA9AFF99D}.Debug|Win32.ActiveCfg = Debug|Win32
		{B952A411-EA03-453B-BFBB-A40CA9AFF99D}.Debug|Win32.Build.0 = Debug|Win32
		{B952A411-EA03-453B-BFBB-A40CA9AFF99D}.Release|Win32.ActiveCfg = Release|Win32
		{B952A411-EA03-453B-BFBB-A40CA9AFF99D}.Release|Win32.Build.0 = Release|Win32
		{8048D4B0-2919-4590-ABB9-8486A8CC0BEE}.Debug|Win32.ActiveCfg = Debug|Win32
		{8048D4B0-2919-4590-ABB9-8486A8CC0BEE}.Debug|Win32.Build.0 = Debug|Win32
		{8048D4B0-2919-4590-ABB9-8486A8CC0BEE}.Release|Win32.ActiveCfg = Release|Win32
		{8048D4B0-2919-4590-ABB9-8486A8CC0BEE}.Release|Win32.Build.0 = Release|Win32
		{B8F0B50D-381A-4DA3-838C-1CBE1EAB86E0}.Debug|Win32.ActiveCfg = Debug|Win32
		{B8F0B50D-381A-4DA3-838C-1CBE1EAB86E0}.Debug|Win32.Build.0 = Debug|Win32
		{B8F0B50D-381A-4DA3-838C-1CBE1EAB86E0}.Release|Win32.ActiveCfg = Release|Win32
		{B8F0B50D-381A-4DA3-838C-1CBE1EAB86E0}.Release|Win32.Build.0 = Release|Win32
		{798D3825-0790-4EAD-B615-8CD506B5DFF9}.Debug|Win32.ActiveCfg = Debug|Win32
		{798D3825-0790-4EAD-B615-8CD506B5DFF9}.Debug|Win32.Build.0 = Debug|Win32
		{798D3825-0790-4EAD-B615-8CD506B5DFF9}.Release|Win32.ActiveCfg = Release|Win32
		{798D3825-0790-4EAD-B615-8CD506B5DFF9}.Release|Win32.Build.0 = Release|Win32
		{D3B048AE-BD1D-4D6A-B9AB-81480CCE8696}.Debug|Win32.ActiveCfg = Debug|Win32
		{D3B048AE-BD1D-4D6A-B9AB-81480CCE8696}.Debug|Win32.Build.0 = Debug|Win32
		{D3B048AE-BD1D-4D6A-B9AB-81480CCE8696}.Release|Win32.ActiveCfg = Release|Win32
		{D3B048AE-BD1D-4D6A-B9AB-81480CCE8696}.Release|Win32.Build.0 = Release|Win32
		{AA8073FD-DB55-45A3-882C-4804ACDAED2C}.Debug|Win32.ActiveCfg = Debug|Win32
		{AA8073FD-DB55-45A3-882C-4804ACDAED2C}.Debug|Win32.Build.0 = Debug|Win32
		{AA8073FD-DB55-45A3-882C-4804ACDAED2C}.Release|Win32.ActiveCfg = Release|Win32
		{AA8073FD-DB55-45A3-882C-4804ACDAED2C}.Release|Win32.Build.0 = Release|Win32
		{7F272908-A26C-49DB-8E92-F9033E1DDFEB}.Debug|Win32.ActiveCfg = Debug|Win32
		{7F272908-A26C-49DB-8E92-F9033E1DDFEB}.Debug|Win32.Build.0 = Debug|Win32
		{7F272908-A26C-49DB-8E92-F9033E1DDFEB}.Release|Win32.ActiveCfg = Release|Win32
		{7F272908-A26C-49DB-8E92-F9033E1DDFEB}.Release|Win32.Build.0 = Release|Win32
		{E842AADA-BC79-46BC-8E55-2C279E867789}.Debug|Win32.ActiveCfg = Debug|Win32
		{E842AADA-BC79-46BC-8E55-2C279E867789}.Debug|Win32.Build.0 = Debug|Win32
		{E842AADA-BC79-46BC-8E55-2C279E867789}.Release|Win32.ActiveCfg = Release|Win32
		{E842AADA-BC79-46BC-8E55-2C279E867789}.Release|Win32.Build.0 = Release|Win32
		{6ED362D2-069B-4318-A5A0-90DFED263CF0}.Debug|Win32.ActiveCfg = Debug|Win32
		{6ED362D2-069B-4318-A5A0-90DFED263CF0}.Debug|Win32.Build.0 = Debug|Win32
		{6ED362D2-069B-4318-A5A0-90DFED263CF0}.Release|Win32.ActiveCfg = Release|Win32
		{6ED362D2-069B-4318-A5A0-90DFED263CF0}.Release|Win32.Build.0 = Release|Win32
		{BF41B22D-63B4-4B42-B21C-DF01EE21F54F}.Debug|Win32.ActiveCfg = Debug|Win32
		{BF41B22D-63B4-4B42-B21C-DF01EE21F54F}.Debug|Win32.Build.0 = Debug|Win32
		{BF41B22D-63B4-4B42-B21C-DF01EE21F54F}.Release|Win32.ActiveCfg = Release|Win32
		{BF41B22D-63B4-4B42-B21C-DF01EE21F54F}.Release|Win32.Build.0 = Release|Win32
		{F47CFC65-8959-408F-A46D-D3E8EB7CCED6}.Debug|Win32.ActiveCfg = Debug|Win32
		{F47CFC65-8959-408F-A46D-D3E8EB7CCED6}.Debug|Win32.Build.0 = Debug|Win32
		{F47CFC65-8959-408F-A46D-D3E8EB7CCED6}.Release|Win32.ActiveCfg = Release|Win32
		{F47CFC65-8959-408F-A46D-D3E8EB7CCED6}.Release|Win32.Build.0 = Release|Win32
	EndGlobalSection
	GlobalSection(SolutionProperties) = preSolution
		HideSolutionNode = FALSE
	EndGlobalSection
EndGlobal
